
Microsoft Visual Studio Solution File, Format Version 12.00
# Visual Studio 15
VisualStudioVersion = 15.0.27428.2015
MinimumVisualStudioVersion = 10.0.40219.1
Project("{9A19103F-16F7-4668-BE54-9A1E7A4F7556}") = "DataService", "DataService\DataService.csproj", "{7002958E-C0AB-4295-AA7D-71D92EF7632C}"
EndProject
Project("{9A19103F-16F7-4668-BE54-9A1E7A4F7556}") = "Test", "Test\Test.csproj", "{A725DE3F-F995-40EE-ADF4-C58F88F728D3}"
EndProject
Project("{9A19103F-16F7-4668-BE54-9A1E7A4F7556}") = "Model", "Model\Model.csproj", "{755C50D2-C5F8-47EE-87F6-A0770257EEB3}"
EndProject
Project("{9A19103F-16F7-4668-BE54-9A1E7A4F7556}") = "Persistance", "Persistance\Persistance.csproj", "{AFBB54B9-98B4-4ADC-A856-AB5274186FAC}"
EndProject
Project("{9A19103F-16F7-4668-BE54-9A1E7A4F7556}") = "DataService.Api", "DataService.Api\DataService.Api.csproj", "{F5367B32-331E-4024-AFC6-CA120E188608}"
EndProject
Project("{E53339B2-1760-4266-BCC7-CA923CBCF16C}") = "docker-compose", "docker-compose.dcproj", "{4CF67D3B-654A-4625-BF81-A675D639E4A0}"
EndProject
Project("{9A19103F-16F7-4668-BE54-9A1E7A4F7556}") = "BeginTest", "..\BeginTest\BeginTest.csproj", "{FDD45A08-6E72-41AA-B32D-E3DDE9DAED4D}"
EndProject
Project("{9A19103F-16F7-4668-BE54-9A1E7A4F7556}") = "AuthDataService", "AuthDataService\AuthDataService.csproj", "{8A9E1CB1-681A-46DB-968C-59FB6803D008}"
EndProject
Project("{FAE04EC0-301F-11D3-BF4B-00C04F79EFBC}") = "StudentTest", "..\StudentTest\StudentTest.csproj", "{63626880-5292-4735-8589-9C8691C8A1AD}"
EndProject
Global
	GlobalSection(SolutionConfigurationPlatforms) = preSolution
		Debug|Any CPU = Debug|Any CPU
		Release|Any CPU = Release|Any CPU
	EndGlobalSection
	GlobalSection(ProjectConfigurationPlatforms) = postSolution
		{7002958E-C0AB-4295-AA7D-71D92EF7632C}.Debug|Any CPU.ActiveCfg = Debug|Any CPU
		{7002958E-C0AB-4295-AA7D-71D92EF7632C}.Debug|Any CPU.Build.0 = Debug|Any CPU
		{7002958E-C0AB-4295-AA7D-71D92EF7632C}.Release|Any CPU.ActiveCfg = Release|Any CPU
		{7002958E-C0AB-4295-AA7D-71D92EF7632C}.Release|Any CPU.Build.0 = Release|Any CPU
		{A725DE3F-F995-40EE-ADF4-C58F88F728D3}.Debug|Any CPU.ActiveCfg = Debug|Any CPU
		{A725DE3F-F995-40EE-ADF4-C58F88F728D3}.Debug|Any CPU.Build.0 = Debug|Any CPU
		{A725DE3F-F995-40EE-ADF4-C58F88F728D3}.Release|Any CPU.ActiveCfg = Release|Any CPU
		{A725DE3F-F995-40EE-ADF4-C58F88F728D3}.Release|Any CPU.Build.0 = Release|Any CPU
		{755C50D2-C5F8-47EE-87F6-A0770257EEB3}.Debug|Any CPU.ActiveCfg = Debug|Any CPU
		{755C50D2-C5F8-47EE-87F6-A0770257EEB3}.Debug|Any CPU.Build.0 = Debug|Any CPU
		{755C50D2-C5F8-47EE-87F6-A0770257EEB3}.Release|Any CPU.ActiveCfg = Release|Any CPU
		{755C50D2-C5F8-47EE-87F6-A0770257EEB3}.Release|Any CPU.Build.0 = Release|Any CPU
		{AFBB54B9-98B4-4ADC-A856-AB5274186FAC}.Debug|Any CPU.ActiveCfg = Debug|Any CPU
		{AFBB54B9-98B4-4ADC-A856-AB5274186FAC}.Debug|Any CPU.Build.0 = Debug|Any CPU
		{AFBB54B9-98B4-4ADC-A856-AB5274186FAC}.Release|Any CPU.ActiveCfg = Release|Any CPU
		{AFBB54B9-98B4-4ADC-A856-AB5274186FAC}.Release|Any CPU.Build.0 = Release|Any CPU
		{F5367B32-331E-4024-AFC6-CA120E188608}.Debug|Any CPU.ActiveCfg = Debug|Any CPU
		{F5367B32-331E-4024-AFC6-CA120E188608}.Debug|Any CPU.Build.0 = Debug|Any CPU
		{F5367B32-331E-4024-AFC6-CA120E188608}.Release|Any CPU.ActiveCfg = Release|Any CPU
		{F5367B32-331E-4024-AFC6-CA120E188608}.Release|Any CPU.Build.0 = Release|Any CPU
		{4CF67D3B-654A-4625-BF81-A675D639E4A0}.Debug|Any CPU.ActiveCfg = Debug|Any CPU
		{4CF67D3B-654A-4625-BF81-A675D639E4A0}.Debug|Any CPU.Build.0 = Debug|Any CPU
		{4CF67D3B-654A-4625-BF81-A675D639E4A0}.Release|Any CPU.ActiveCfg = Release|Any CPU
		{4CF67D3B-654A-4625-BF81-A675D639E4A0}.Release|Any CPU.Build.0 = Release|Any CPU
		{FDD45A08-6E72-41AA-B32D-E3DDE9DAED4D}.Debug|Any CPU.ActiveCfg = Debug|Any CPU
		{FDD45A08-6E72-41AA-B32D-E3DDE9DAED4D}.Debug|Any CPU.Build.0 = Debug|Any CPU
		{FDD45A08-6E72-41AA-B32D-E3DDE9DAED4D}.Release|Any CPU.ActiveCfg = Release|Any CPU
		{FDD45A08-6E72-41AA-B32D-E3DDE9DAED4D}.Release|Any CPU.Build.0 = Release|Any CPU
		{8A9E1CB1-681A-46DB-968C-59FB6803D008}.Debug|Any CPU.ActiveCfg = Debug|Any CPU
		{8A9E1CB1-681A-46DB-968C-59FB6803D008}.Debug|Any CPU.Build.0 = Debug|Any CPU
		{8A9E1CB1-681A-46DB-968C-59FB6803D008}.Release|Any CPU.ActiveCfg = Release|Any CPU
		{8A9E1CB1-681A-46DB-968C-59FB6803D008}.Release|Any CPU.Build.0 = Release|Any CPU
		{63626880-5292-4735-8589-9C8691C8A1AD}.Debug|Any CPU.ActiveCfg = Debug|Any CPU
		{63626880-5292-4735-8589-9C8691C8A1AD}.Debug|Any CPU.Build.0 = Debug|Any CPU
		{63626880-5292-4735-8589-9C8691C8A1AD}.Release|Any CPU.ActiveCfg = Release|Any CPU
		{63626880-5292-4735-8589-9C8691C8A1AD}.Release|Any CPU.Build.0 = Release|Any CPU
	EndGlobalSection
	GlobalSection(SolutionProperties) = preSolution
		HideSolutionNode = FALSE
	EndGlobalSection
	GlobalSection(ExtensibilityGlobals) = postSolution
		SolutionGuid = {AD8EB072-D2E9-4F92-8997-A4C6B670F768}
	EndGlobalSection
EndGlobal
